// !$*UTF8*$!
{
	archiveVersion = 1;
	classes = {
	};
	objectVersion = 46;
	objects = {

/* Begin PBXBuildFile section */
		4349ADE72018D511003BF55F /* AppDelegate.swift in Sources */ = {isa = PBXBuildFile; fileRef = 4349ADE62018D511003BF55F /* AppDelegate.swift */; };
		4349ADE92018D511003BF55F /* RootViewController.swift in Sources */ = {isa = PBXBuildFile; fileRef = 4349ADE82018D511003BF55F /* RootViewController.swift */; };
		4349ADEB2018D511003BF55F /* DataViewController.swift in Sources */ = {isa = PBXBuildFile; fileRef = 4349ADEA2018D511003BF55F /* DataViewController.swift */; };
		4349ADED2018D511003BF55F /* ModelController.swift in Sources */ = {isa = PBXBuildFile; fileRef = 4349ADEC2018D511003BF55F /* ModelController.swift */; };
		4349ADF02018D512003BF55F /* Main.storyboard in Resources */ = {isa = PBXBuildFile; fileRef = 4349ADEE2018D512003BF55F /* Main.storyboard */; };
		4349ADF22018D512003BF55F /* Assets.xcassets in Resources */ = {isa = PBXBuildFile; fileRef = 4349ADF12018D512003BF55F /* Assets.xcassets */; };
		4349ADF52018D512003BF55F /* LaunchScreen.storyboard in Resources */ = {isa = PBXBuildFile; fileRef = 4349ADF32018D512003BF55F /* LaunchScreen.storyboard */; };
		4349AE002018D512003BF55F /* BaseballRecruitmentTests.swift in Sources */ = {isa = PBXBuildFile; fileRef = 4349ADFF2018D512003BF55F /* BaseballRecruitmentTests.swift */; };
/* End PBXBuildFile section */

/* Begin PBXContainerItemProxy section */
		4349ADFC2018D512003BF55F /* PBXContainerItemProxy */ = {
			isa = PBXContainerItemProxy;
			containerPortal = 4349ADDB2018D511003BF55F /* Project object */;
			proxyType = 1;
			remoteGlobalIDString = 4349ADE22018D511003BF55F;
			remoteInfo = BaseballRecruitment;
		};
/* End PBXContainerItemProxy section */

/* Begin PBXFileReference section */
		4349ADE32018D511003BF55F /* BaseballRecruitment.app */ = {isa = PBXFileReference; explicitFileType = wrapper.application; includeInIndex = 0; path = BaseballRecruitment.app; sourceTree = BUILT_PRODUCTS_DIR; };
		4349ADE62018D511003BF55F /* AppDelegate.swift */ = {isa = PBXFileReference; lastKnownFileType = sourcecode.swift; path = AppDelegate.swift; sourceTree = "<group>"; };
		4349ADE82018D511003BF55F /* RootViewController.swift */ = {isa = PBXFileReference; lastKnownFileType = sourcecode.swift; path = RootViewController.swift; sourceTree = "<group>"; };
		4349ADEA2018D511003BF55F /* DataViewController.swift */ = {isa = PBXFileReference; lastKnownFileType = sourcecode.swift; path = DataViewController.swift; sourceTree = "<group>"; };
		4349ADEC2018D511003BF55F /* ModelController.swift */ = {isa = PBXFileReference; lastKnownFileType = sourcecode.swift; path = ModelController.swift; sourceTree = "<group>"; };
		4349ADEF2018D512003BF55F /* Base */ = {isa = PBXFileReference; lastKnownFileType = file.storyboard; name = Base; path = Base.lproj/Main.storyboard; sourceTree = "<group>"; };
		4349ADF12018D512003BF55F /* Assets.xcassets */ = {isa = PBXFileReference; lastKnownFileType = folder.assetcatalog; path = Assets.xcassets; sourceTree = "<group>"; };
		4349ADF42018D512003BF55F /* Base */ = {isa = PBXFileReference; lastKnownFileType = file.storyboard; name = Base; path = Base.lproj/LaunchScreen.storyboard; sourceTree = "<group>"; };
		4349ADF62018D512003BF55F /* Info.plist */ = {isa = PBXFileReference; lastKnownFileType = text.plist.xml; path = Info.plist; sourceTree = "<group>"; };
		4349ADFB2018D512003BF55F /* BaseballRecruitmentTests.xctest */ = {isa = PBXFileReference; explicitFileType = wrapper.cfbundle; includeInIndex = 0; path = BaseballRecruitmentTests.xctest; sourceTree = BUILT_PRODUCTS_DIR; };
		4349ADFF2018D512003BF55F /* BaseballRecruitmentTests.swift */ = {isa = PBXFileReference; lastKnownFileType = sourcecode.swift; path = BaseballRecruitmentTests.swift; sourceTree = "<group>"; };
		4349AE012018D512003BF55F /* Info.plist */ = {isa = PBXFileReference; lastKnownFileType = text.plist.xml; path = Info.plist; sourceTree = "<group>"; };
/* End PBXFileReference section */

/* Begin PBXFrameworksBuildPhase section */
		4349ADE02018D511003BF55F /* Frameworks */ = {
			isa = PBXFrameworksBuildPhase;
			buildActionMask = 2147483647;
			files = (
			);
			runOnlyForDeploymentPostprocessing = 0;
		};
		4349ADF82018D512003BF55F /* Frameworks */ = {
			isa = PBXFrameworksBuildPhase;
			buildActionMask = 2147483647;
			files = (
			);
			runOnlyForDeploymentPostprocessing = 0;
		};
/* End PBXFrameworksBuildPhase section */

/* Begin PBXGroup section */
		4349ADDA2018D511003BF55F = {
			isa = PBXGroup;
			children = (
				4349ADE52018D511003BF55F /* BaseballRecruitment */,
				4349ADFE2018D512003BF55F /* BaseballRecruitmentTests */,
				4349ADE42018D511003BF55F /* Products */,
			);
			sourceTree = "<group>";
		};
		4349ADE42018D511003BF55F /* Products */ = {
			isa = PBXGroup;
			children = (
				4349ADE32018D511003BF55F /* BaseballRecruitment.app */,
				4349ADFB2018D512003BF55F /* BaseballRecruitmentTests.xctest */,
			);
			name = Products;
			sourceTree = "<group>";
		};
		4349ADE52018D511003BF55F /* BaseballRecruitment */ = {
			isa = PBXGroup;
			children = (
				4349ADE62018D511003BF55F /* AppDelegate.swift */,
				4349ADE82018D511003BF55F /* RootViewController.swift */,
				4349ADEA2018D511003BF55F /* DataViewController.swift */,
				4349ADEC2018D511003BF55F /* ModelController.swift */,
				4349ADEE2018D512003BF55F /* Main.storyboard */,
				4349ADF12018D512003BF55F /* Assets.xcassets */,
				4349ADF32018D512003BF55F /* LaunchScreen.storyboard */,
				4349ADF62018D512003BF55F /* Info.plist */,
			);
			path = BaseballRecruitment;
			sourceTree = "<group>";
		};
		4349ADFE2018D512003BF55F /* BaseballRecruitmentTests */ = {
			isa = PBXGroup;
			children = (
				4349ADFF2018D512003BF55F /* BaseballRecruitmentTests.swift */,
				4349AE012018D512003BF55F /* Info.plist */,
			);
			path = BaseballRecruitmentTests;
			sourceTree = "<group>";
		};
/* End PBXGroup section */

/* Begin PBXNativeTarget section */
		4349ADE22018D511003BF55F /* BaseballRecruitment */ = {
			isa = PBXNativeTarget;
			buildConfigurationList = 4349AE042018D512003BF55F /* Build configuration list for PBXNativeTarget "BaseballRecruitment" */;
			buildPhases = (
				4349ADDF2018D511003BF55F /* Sources */,
				4349ADE02018D511003BF55F /* Frameworks */,
				4349ADE12018D511003BF55F /* Resources */,
			);
			buildRules = (
			);
			dependencies = (
			);
			name = BaseballRecruitment;
			productName = BaseballRecruitment;
			productReference = 4349ADE32018D511003BF55F /* BaseballRecruitment.app */;
			productType = "com.apple.product-type.application";
		};
		4349ADFA2018D512003BF55F /* BaseballRecruitmentTests */ = {
			isa = PBXNativeTarget;
			buildConfigurationList = 4349AE072018D512003BF55F /* Build configuration list for PBXNativeTarget "BaseballRecruitmentTests" */;
			buildPhases = (
				4349ADF72018D512003BF55F /* Sources */,
				4349ADF82018D512003BF55F /* Frameworks */,
				4349ADF92018D512003BF55F /* Resources */,
			);
			buildRules = (
			);
			dependencies = (
				4349ADFD2018D512003BF55F /* PBXTargetDependency */,
			);
			name = BaseballRecruitmentTests;
			productName = BaseballRecruitmentTests;
			productReference = 4349ADFB2018D512003BF55F /* BaseballRecruitmentTests.xctest */;
			productType = "com.apple.product-type.bundle.unit-test";
		};
/* End PBXNativeTarget section */

/* Begin PBXProject section */
		4349ADDB2018D511003BF55F /* Project object */ = {
			isa = PBXProject;
			attributes = {
				LastSwiftUpdateCheck = 0830;
				LastUpgradeCheck = 0830;
				ORGANIZATIONNAME = "Team Bard";
				TargetAttributes = {
					4349ADE22018D511003BF55F = {
						CreatedOnToolsVersion = 8.3.3;
						ProvisioningStyle = Automatic;
					};
					4349ADFA2018D512003BF55F = {
						CreatedOnToolsVersion = 8.3.3;
						ProvisioningStyle = Automatic;
						TestTargetID = 4349ADE22018D511003BF55F;
					};
				};
			};
			buildConfigurationList = 4349ADDE2018D511003BF55F /* Build configuration list for PBXProject "BaseballRecruitment" */;
			compatibilityVersion = "Xcode 3.2";
			developmentRegion = English;
			hasScannedForEncodings = 0;
			knownRegions = (
				en,
				Base,
			);
			mainGroup = 4349ADDA2018D511003BF55F;
			productRefGroup = 4349ADE42018D511003BF55F /* Products */;
			projectDirPath = "";
			projectRoot = "";
			targets = (
				4349ADE22018D511003BF55F /* BaseballRecruitment */,
				4349ADFA2018D512003BF55F /* BaseballRecruitmentTests */,
			);
		};
/* End PBXProject section */

/* Begin PBXResourcesBuildPhase section */
		4349ADE12018D511003BF55F /* Resources */ = {
			isa = PBXResourcesBuildPhase;
			buildActionMask = 2147483647;
			files = (
				4349ADF52018D512003BF55F /* LaunchScreen.storyboard in Resources */,
				4349ADF22018D512003BF55F /* Assets.xcassets in Resources */,
				4349ADF02018D512003BF55F /* Main.storyboard in Resources */,
			);
			runOnlyForDeploymentPostprocessing = 0;
		};
		4349ADF92018D512003BF55F /* Resources */ = {
			isa = PBXResourcesBuildPhase;
			buildActionMask = 2147483647;
			files = (
			);
			runOnlyForDeploymentPostprocessing = 0;
		};
/* End PBXResourcesBuildPhase section */

/* Begin PBXSourcesBuildPhase section */
		4349ADDF2018D511003BF55F /* Sources */ = {
			isa = PBXSourcesBuildPhase;
			buildActionMask = 2147483647;
			files = (
				4349ADE92018D511003BF55F /* RootViewController.swift in Sources */,
				4349ADED2018D511003BF55F /* ModelController.swift in Sources */,
				4349ADEB2018D511003BF55F /* DataViewController.swift in Sources */,
				4349ADE72018D511003BF55F /* AppDelegate.swift in Sources */,
			);
			runOnlyForDeploymentPostprocessing = 0;
		};
		4349ADF72018D512003BF55F /* Sources */ = {
			isa = PBXSourcesBuildPhase;
			buildActionMask = 2147483647;
			files = (
				4349AE002018D512003BF55F /* BaseballRecruitmentTests.swift in Sources */,
			);
			runOnlyForDeploymentPostprocessing = 0;
		};
/* End PBXSourcesBuildPhase section */

/* Begin PBXTargetDependency section */
		4349ADFD2018D512003BF55F /* PBXTargetDependency */ = {
			isa = PBXTargetDependency;
			target = 4349ADE22018D511003BF55F /* BaseballRecruitment */;
			targetProxy = 4349ADFC2018D512003BF55F /* PBXContainerItemProxy */;
		};
/* End PBXTargetDependency section */

/* Begin PBXVariantGroup section */
		4349ADEE2018D512003BF55F /* Main.storyboard */ = {
			isa = PBXVariantGroup;
			children = (
				4349ADEF2018D512003BF55F /* Base */,
			);
			name = Main.storyboard;
			sourceTree = "<group>";
		};
		4349ADF32018D512003BF55F /* LaunchScreen.storyboard */ = {
			isa = PBXVariantGroup;
			children = (
				4349ADF42018D512003BF55F /* Base */,
			);
			name = LaunchScreen.storyboard;
			sourceTree = "<group>";
		};
/* End PBXVariantGroup section */

/* Begin XCBuildConfiguration section */
		4349AE022018D512003BF55F /* Debug */ = {
			isa = XCBuildConfiguration;
			buildSettings = {
				ALWAYS_SEARCH_USER_PATHS = NO;
				CLANG_ANALYZER_NONNULL = YES;
				CLANG_ANALYZER_NUMBER_OBJECT_CONVERSION = YES_AGGRESSIVE;
				CLANG_CXX_LANGUAGE_STANDARD = "gnu++0x";
				CLANG_CXX_LIBRARY = "libc++";
				CLANG_ENABLE_MODULES = YES;
				CLANG_ENABLE_OBJC_ARC = YES;
				CLANG_WARN_BOOL_CONVERSION = YES;
				CLANG_WARN_CONSTANT_CONVERSION = YES;
				CLANG_WARN_DIRECT_OBJC_ISA_USAGE = YES_ERROR;
				CLANG_WARN_DOCUMENTATION_COMMENTS = YES;
				CLANG_WARN_EMPTY_BODY = YES;
				CLANG_WARN_ENUM_CONVERSION = YES;
				CLANG_WARN_INFINITE_RECURSION = YES;
				CLANG_WARN_INT_CONVERSION = YES;
				CLANG_WARN_OBJC_ROOT_CLASS = YES_ERROR;
				CLANG_WARN_SUSPICIOUS_MOVE = YES;
				CLANG_WARN_UNREACHABLE_CODE = YES;
				CLANG_WARN__DUPLICATE_METHOD_MATCH = YES;
				"CODE_SIGN_IDENTITY[sdk=iphoneos*]" = "iPhone Developer";
				COPY_PHASE_STRIP = NO;
				DEBUG_INFORMATION_FORMAT = dwarf;
				ENABLE_STRICT_OBJC_MSGSEND = YES;
				ENABLE_TESTABILITY = YES;
				GCC_C_LANGUAGE_STANDARD = gnu99;
				GCC_DYNAMIC_NO_PIC = NO;
				GCC_NO_COMMON_BLOCKS = YES;
				GCC_OPTIMIZATION_LEVEL = 0;
				GCC_PREPROCESSOR_DEFINITIONS = (
					"DEBUG=1",
					"$(inherited)",
				);
				GCC_WARN_64_TO_32_BIT_CONVERSION = YES;
				GCC_WARN_ABOUT_RETURN_TYPE = YES_ERROR;
				GCC_WARN_UNDECLARED_SELECTOR = YES;
				GCC_WARN_UNINITIALIZED_AUTOS = YES_AGGRESSIVE;
				GCC_WARN_UNUSED_FUNCTION = YES;
				GCC_WARN_UNUSED_VARIABLE = YES;
				IPHONEOS_DEPLOYMENT_TARGET = 10.3;
				MTL_ENABLE_DEBUG_INFO = YES;
				ONLY_ACTIVE_ARCH = YES;
				SDKROOT = iphoneos;
				SWIFT_ACTIVE_COMPILATION_CONDITIONS = DEBUG;
				SWIFT_OPTIMIZATION_LEVEL = "-Onone";
				TARGETED_DEVICE_FAMILY = "1,2";
			};
			name = Debug;
		};
		4349AE032018D512003BF55F /* Release */ = {
			isa = XCBuildConfiguration;
			buildSettings = {
				ALWAYS_SEARCH_USER_PATHS = NO;
				CLANG_ANALYZER_NONNULL = YES;
				CLANG_ANALYZER_NUMBER_OBJECT_CONVERSION = YES_AGGRESSIVE;
				CLANG_CXX_LANGUAGE_STANDARD = "gnu++0x";
				CLANG_CXX_LIBRARY = "libc++";
				CLANG_ENABLE_MODULES = YES;
				CLANG_ENABLE_OBJC_ARC = YES;
				CLANG_WARN_BOOL_CONVERSION = YES;
				CLANG_WARN_CONSTANT_CONVERSION = YES;
				CLANG_WARN_DIRECT_OBJC_ISA_USAGE = YES_ERROR;
				CLANG_WARN_DOCUMENTATION_COMMENTS = YES;
				CLANG_WARN_EMPTY_BODY = YES;
				CLANG_WARN_ENUM_CONVERSION = YES;
				CLANG_WARN_INFINITE_RECURSION = YES;
				CLANG_WARN_INT_CONVERSION = YES;
				CLANG_WARN_OBJC_ROOT_CLASS = YES_ERROR;
				CLANG_WARN_SUSPICIOUS_MOVE = YES;
				CLANG_WARN_UNREACHABLE_CODE = YES;
				CLANG_WARN__DUPLICATE_METHOD_MATCH = YES;
				"CODE_SIGN_IDENTITY[sdk=iphoneos*]" = "iPhone Developer";
				COPY_PHASE_STRIP = NO;
				DEBUG_INFORMATION_FORMAT = "dwarf-with-dsym";
				ENABLE_NS_ASSERTIONS = NO;
				ENABLE_STRICT_OBJC_MSGSEND = YES;
				GCC_C_LANGUAGE_STANDARD = gnu99;
				GCC_NO_COMMON_BLOCKS = YES;
				GCC_WARN_64_TO_32_BIT_CONVERSION = YES;
				GCC_WARN_ABOUT_RETURN_TYPE = YES_ERROR;
				GCC_WARN_UNDECLARED_SELECTOR = YES;
				GCC_WARN_UNINITIALIZED_AUTOS = YES_AGGRESSIVE;
				GCC_WARN_UNUSED_FUNCTION = YES;
				GCC_WARN_UNUSED_VARIABLE = YES;
				IPHONEOS_DEPLOYMENT_TARGET = 10.3;
				MTL_ENABLE_DEBUG_INFO = NO;
				SDKROOT = iphoneos;
				SWIFT_OPTIMIZATION_LEVEL = "-Owholemodule";
				TARGETED_DEVICE_FAMILY = "1,2";
				VALIDATE_PRODUCT = YES;
			};
			name = Release;
		};
		4349AE052018D512003BF55F /* Debug */ = {
			isa = XCBuildConfiguration;
			buildSettings = {
				ASSETCATALOG_COMPILER_APPICON_NAME = AppIcon;
				INFOPLIST_FILE = BaseballRecruitment/Info.plist;
				LD_RUNPATH_SEARCH_PATHS = "$(inherited) @executable_path/Frameworks";
				PRODUCT_BUNDLE_IDENTIFIER = Bard.BaseballRecruitment;
				PRODUCT_NAME = "$(TARGET_NAME)";
				SWIFT_VERSION = 3.0;
			};
			name = Debug;
		};
		4349AE062018D512003BF55F /* Release */ = {
			isa = XCBuildConfiguration;
			buildSettings = {
				ASSETCATALOG_COMPILER_APPICON_NAME = AppIcon;
				INFOPLIST_FILE = BaseballRecruitment/Info.plist;
				LD_RUNPATH_SEARCH_PATHS = "$(inherited) @executable_path/Frameworks";
				PRODUCT_BUNDLE_IDENTIFIER = Bard.BaseballRecruitment;
				PRODUCT_NAME = "$(TARGET_NAME)";
				SWIFT_VERSION = 3.0;
			};
			name = Release;
		};
		4349AE082018D512003BF55F /* Debug */ = {
			isa = XCBuildConfiguration;
			buildSettings = {
				ALWAYS_EMBED_SWIFT_STANDARD_LIBRARIES = YES;
				BUNDLE_LOADER = "$(TEST_HOST)";
				INFOPLIST_FILE = BaseballRecruitmentTests/Info.plist;
				LD_RUNPATH_SEARCH_PATHS = "$(inherited) @executable_path/Frameworks @loader_path/Frameworks";
				PRODUCT_BUNDLE_IDENTIFIER = Bard.BaseballRecruitmentTests;
				PRODUCT_NAME = "$(TARGET_NAME)";
				SWIFT_VERSION = 3.0;
				TEST_HOST = "$(BUILT_PRODUCTS_DIR)/BaseballRecruitment.app/BaseballRecruitment";
			};
			name = Debug;
		};
		4349AE092018D512003BF55F /* Release */ = {
			isa = XCBuildConfiguration;
			buildSettings = {
				ALWAYS_EMBED_SWIFT_STANDARD_LIBRARIES = YES;
				BUNDLE_LOADER = "$(TEST_HOST)";
				INFOPLIST_FILE = BaseballRecruitmentTests/Info.plist;
				LD_RUNPATH_SEARCH_PATHS = "$(inherited) @executable_path/Frameworks @loader_path/Frameworks";
				PRODUCT_BUNDLE_IDENTIFIER = Bard.BaseballRecruitmentTests;
				PRODUCT_NAME = "$(TARGET_NAME)";
				SWIFT_VERSION = 3.0;
				TEST_HOST = "$(BUILT_PRODUCTS_DIR)/BaseballRecruitment.app/BaseballRecruitment";
			};
			name = Release;
		};
/* End XCBuildConfiguration section */

/* Begin XCConfigurationList section */
		4349ADDE2018D511003BF55F /* Build configuration list for PBXProject "BaseballRecruitment" */ = {
			isa = XCConfigurationList;
			buildConfigurations = (
				4349AE022018D512003BF55F /* Debug */,
				4349AE032018D512003BF55F /* Release */,
			);
			defaultConfigurationIsVisible = 0;
			defaultConfigurationName = Release;
		};
		4349AE042018D512003BF55F /* Build configuration list for PBXNativeTarget "BaseballRecruitment" */ = {
			isa = XCConfigurationList;
			buildConfigurations = (
				4349AE052018D512003BF55F /* Debug */,
				4349AE062018D512003BF55F /* Release */,
			);
			defaultConfigurationIsVisible = 0;
		};
		4349AE072018D512003BF55F /* Build configuration list for PBXNativeTarget "BaseballRecruitmentTests" */ = {
			isa = XCConfigurationList;
			buildConfigurations = (
				4349AE082018D512003BF55F /* Debug */,
				4349AE092018D512003BF55F /* Release */,
			);
			defaultConfigurationIsVisible = 0;
		};
/* End XCConfigurationList section */
	};
	rootObject = 4349ADDB2018D511003BF55F /* Project object */;
}
